{
  "version": 4,
  "terraform_version": "1.2.2",
  "serial": 22,
  "lineage": "6f7c585d-ee01-9577-4089-99fcd7c5e1f3",
  "outputs": {
    "aws_vpc_name": {
      "value": "vpc-03cb1bf72bd4fab17",
      "type": "string"
    },
    "demoapp_alb_hostname": {
      "value": "dev-demoapp-929898415.us-east-1.elb.amazonaws.com",
      "type": "string"
    },
    "ecs-fargate-private-subnet-for-service-1a": {
      "value": "subnet-01b5f2ee3cc0b47f7",
      "type": "string"
    },
    "ecs-fargate-private-subnet-for-service-1b": {
      "value": "subnet-0515737f5bd5dccb2",
      "type": "string"
    },
    "ecs-fargate-private-subnet-for-service-1c": {
      "value": "subnet-00a0a7d2b3eba89e2",
      "type": "string"
    },
    "ecs-fargate-public-subnet-for-alb-1a": {
      "value": "subnet-0ca68cf41641f9553",
      "type": "string"
    },
    "ecs-fargate-public-subnet-for-alb-1b": {
      "value": "subnet-0011c98da49f353e4",
      "type": "string"
    },
    "ecs-fargate-public-subnet-for-alb-1c": {
      "value": "subnet-0620ec3e0132e4129",
      "type": "string"
    }
  },
  "resources": [
    {
      "mode": "data",
      "type": "aws_iam_policy_document",
      "name": "demoapp_ecs_task_execution_role",
      "provider": "provider[\"registry.terraform.io/hashicorp/aws\"]",
      "instances": [
        {
          "schema_version": 0,
          "attributes": {
            "id": "320642683",
            "json": "{\n  \"Version\": \"2012-10-17\",\n  \"Statement\": [\n    {\n      \"Sid\": \"\",\n      \"Effect\": \"Allow\",\n      \"Action\": \"sts:AssumeRole\",\n      \"Principal\": {\n        \"Service\": \"ecs-tasks.amazonaws.com\"\n      }\n    }\n  ]\n}",
            "override_json": null,
            "override_policy_documents": null,
            "policy_id": null,
            "source_json": null,
            "source_policy_documents": null,
            "statement": [
              {
                "actions": [
                  "sts:AssumeRole"
                ],
                "condition": [],
                "effect": "Allow",
                "not_actions": [],
                "not_principals": [],
                "not_resources": [],
                "principals": [
                  {
                    "identifiers": [
                      "ecs-tasks.amazonaws.com"
                    ],
                    "type": "Service"
                  }
                ],
                "resources": [],
                "sid": ""
              }
            ],
            "version": "2012-10-17"
          },
          "sensitive_attributes": []
        }
      ]
    },
    {
      "mode": "data",
      "type": "aws_subnet",
      "name": "ecs-fargate-private-subnet-for-service-1a",
      "provider": "provider[\"registry.terraform.io/hashicorp/aws\"]",
      "instances": [
        {
          "schema_version": 0,
          "attributes": {
            "arn": "arn:aws:ec2:us-east-1:808694706516:subnet/subnet-01b5f2ee3cc0b47f7",
            "assign_ipv6_address_on_creation": false,
            "availability_zone": "us-east-1a",
            "availability_zone_id": "use1-az2",
            "available_ip_address_count": 4091,
            "cidr_block": "172.30.48.0/20",
            "customer_owned_ipv4_pool": "",
            "default_for_az": false,
            "enable_dns64": false,
            "enable_resource_name_dns_a_record_on_launch": false,
            "enable_resource_name_dns_aaaa_record_on_launch": false,
            "filter": null,
            "id": "subnet-01b5f2ee3cc0b47f7",
            "ipv6_cidr_block": "",
            "ipv6_cidr_block_association_id": "",
            "ipv6_native": false,
            "map_customer_owned_ip_on_launch": false,
            "map_public_ip_on_launch": false,
            "outpost_arn": "",
            "owner_id": "808694706516",
            "private_dns_hostname_type_on_launch": "ip-name",
            "state": "available",
            "tags": {
              "Name": "ecs-fargate-private-subnet-for-service-1a",
              "zone": "us-east-1a"
            },
            "vpc_id": "vpc-03cb1bf72bd4fab17"
          },
          "sensitive_attributes": []
        }
      ]
    },
    {
      "mode": "data",
      "type": "aws_subnet",
      "name": "ecs-fargate-private-subnet-for-service-1b",
      "provider": "provider[\"registry.terraform.io/hashicorp/aws\"]",
      "instances": [
        {
          "schema_version": 0,
          "attributes": {
            "arn": "arn:aws:ec2:us-east-1:808694706516:subnet/subnet-0515737f5bd5dccb2",
            "assign_ipv6_address_on_creation": false,
            "availability_zone": "us-east-1b",
            "availability_zone_id": "use1-az4",
            "available_ip_address_count": 4091,
            "cidr_block": "172.30.64.0/20",
            "customer_owned_ipv4_pool": "",
            "default_for_az": false,
            "enable_dns64": false,
            "enable_resource_name_dns_a_record_on_launch": false,
            "enable_resource_name_dns_aaaa_record_on_launch": false,
            "filter": null,
            "id": "subnet-0515737f5bd5dccb2",
            "ipv6_cidr_block": "",
            "ipv6_cidr_block_association_id": "",
            "ipv6_native": false,
            "map_customer_owned_ip_on_launch": false,
            "map_public_ip_on_launch": false,
            "outpost_arn": "",
            "owner_id": "808694706516",
            "private_dns_hostname_type_on_launch": "ip-name",
            "state": "available",
            "tags": {
              "Name": "ecs-fargate-private-subnet-for-service-1b",
              "zone": "us-east-1b"
            },
            "vpc_id": "vpc-03cb1bf72bd4fab17"
          },
          "sensitive_attributes": []
        }
      ]
    },
    {
      "mode": "data",
      "type": "aws_subnet",
      "name": "ecs-fargate-private-subnet-for-service-1c",
      "provider": "provider[\"registry.terraform.io/hashicorp/aws\"]",
      "instances": [
        {
          "schema_version": 0,
          "attributes": {
            "arn": "arn:aws:ec2:us-east-1:808694706516:subnet/subnet-00a0a7d2b3eba89e2",
            "assign_ipv6_address_on_creation": false,
            "availability_zone": "us-east-1c",
            "availability_zone_id": "use1-az6",
            "available_ip_address_count": 4091,
            "cidr_block": "172.30.80.0/20",
            "customer_owned_ipv4_pool": "",
            "default_for_az": false,
            "enable_dns64": false,
            "enable_resource_name_dns_a_record_on_launch": false,
            "enable_resource_name_dns_aaaa_record_on_launch": false,
            "filter": null,
            "id": "subnet-00a0a7d2b3eba89e2",
            "ipv6_cidr_block": "",
            "ipv6_cidr_block_association_id": "",
            "ipv6_native": false,
            "map_customer_owned_ip_on_launch": false,
            "map_public_ip_on_launch": false,
            "outpost_arn": "",
            "owner_id": "808694706516",
            "private_dns_hostname_type_on_launch": "ip-name",
            "state": "available",
            "tags": {
              "Name": "ecs-fargate-private-subnet-for-service-1c",
              "zone": "us-east-1c"
            },
            "vpc_id": "vpc-03cb1bf72bd4fab17"
          },
          "sensitive_attributes": []
        }
      ]
    },
    {
      "mode": "data",
      "type": "aws_subnet",
      "name": "ecs-fargate-public-subnet-for-alb-1a",
      "provider": "provider[\"registry.terraform.io/hashicorp/aws\"]",
      "instances": [
        {
          "schema_version": 0,
          "attributes": {
            "arn": "arn:aws:ec2:us-east-1:808694706516:subnet/subnet-0ca68cf41641f9553",
            "assign_ipv6_address_on_creation": false,
            "availability_zone": "us-east-1a",
            "availability_zone_id": "use1-az2",
            "available_ip_address_count": 4091,
            "cidr_block": "172.30.0.0/20",
            "customer_owned_ipv4_pool": "",
            "default_for_az": false,
            "enable_dns64": false,
            "enable_resource_name_dns_a_record_on_launch": false,
            "enable_resource_name_dns_aaaa_record_on_launch": false,
            "filter": null,
            "id": "subnet-0ca68cf41641f9553",
            "ipv6_cidr_block": "",
            "ipv6_cidr_block_association_id": "",
            "ipv6_native": false,
            "map_customer_owned_ip_on_launch": false,
            "map_public_ip_on_launch": false,
            "outpost_arn": "",
            "owner_id": "808694706516",
            "private_dns_hostname_type_on_launch": "ip-name",
            "state": "available",
            "tags": {
              "Name": "ecs-fargate-public-subnet-for-alb-1a",
              "zone": "us-east-1a"
            },
            "vpc_id": "vpc-03cb1bf72bd4fab17"
          },
          "sensitive_attributes": []
        }
      ]
    },
    {
      "mode": "data",
      "type": "aws_subnet",
      "name": "ecs-fargate-public-subnet-for-alb-1b",
      "provider": "provider[\"registry.terraform.io/hashicorp/aws\"]",
      "instances": [
        {
          "schema_version": 0,
          "attributes": {
            "arn": "arn:aws:ec2:us-east-1:808694706516:subnet/subnet-0011c98da49f353e4",
            "assign_ipv6_address_on_creation": false,
            "availability_zone": "us-east-1b",
            "availability_zone_id": "use1-az4",
            "available_ip_address_count": 4091,
            "cidr_block": "172.30.16.0/20",
            "customer_owned_ipv4_pool": "",
            "default_for_az": false,
            "enable_dns64": false,
            "enable_resource_name_dns_a_record_on_launch": false,
            "enable_resource_name_dns_aaaa_record_on_launch": false,
            "filter": null,
            "id": "subnet-0011c98da49f353e4",
            "ipv6_cidr_block": "",
            "ipv6_cidr_block_association_id": "",
            "ipv6_native": false,
            "map_customer_owned_ip_on_launch": false,
            "map_public_ip_on_launch": false,
            "outpost_arn": "",
            "owner_id": "808694706516",
            "private_dns_hostname_type_on_launch": "ip-name",
            "state": "available",
            "tags": {
              "Name": "ecs-fargate-public-subnet-for-alb-1b",
              "zone": "us-east-1b"
            },
            "vpc_id": "vpc-03cb1bf72bd4fab17"
          },
          "sensitive_attributes": []
        }
      ]
    },
    {
      "mode": "data",
      "type": "aws_subnet",
      "name": "ecs-fargate-public-subnet-for-alb-1c",
      "provider": "provider[\"registry.terraform.io/hashicorp/aws\"]",
      "instances": [
        {
          "schema_version": 0,
          "attributes": {
            "arn": "arn:aws:ec2:us-east-1:808694706516:subnet/subnet-0620ec3e0132e4129",
            "assign_ipv6_address_on_creation": false,
            "availability_zone": "us-east-1c",
            "availability_zone_id": "use1-az6",
            "available_ip_address_count": 4091,
            "cidr_block": "172.30.32.0/20",
            "customer_owned_ipv4_pool": "",
            "default_for_az": false,
            "enable_dns64": false,
            "enable_resource_name_dns_a_record_on_launch": false,
            "enable_resource_name_dns_aaaa_record_on_launch": false,
            "filter": null,
            "id": "subnet-0620ec3e0132e4129",
            "ipv6_cidr_block": "",
            "ipv6_cidr_block_association_id": "",
            "ipv6_native": false,
            "map_customer_owned_ip_on_launch": false,
            "map_public_ip_on_launch": false,
            "outpost_arn": "",
            "owner_id": "808694706516",
            "private_dns_hostname_type_on_launch": "ip-name",
            "state": "available",
            "tags": {
              "Name": "ecs-fargate-public-subnet-for-alb-1c",
              "zone": "us-east-1c"
            },
            "vpc_id": "vpc-03cb1bf72bd4fab17"
          },
          "sensitive_attributes": []
        }
      ]
    },
    {
      "mode": "data",
      "type": "aws_vpc",
      "name": "main",
      "provider": "provider[\"registry.terraform.io/hashicorp/aws\"]",
      "instances": [
        {
          "schema_version": 0,
          "attributes": {
            "arn": "arn:aws:ec2:us-east-1:808694706516:vpc/vpc-03cb1bf72bd4fab17",
            "cidr_block": "172.30.0.0/16",
            "cidr_block_associations": [
              {
                "association_id": "vpc-cidr-assoc-0213cac826861b101",
                "cidr_block": "172.30.0.0/16",
                "state": "associated"
              }
            ],
            "default": false,
            "dhcp_options_id": "dopt-3e1aa444",
            "enable_dns_hostnames": false,
            "enable_dns_support": true,
            "filter": null,
            "id": "vpc-03cb1bf72bd4fab17",
            "instance_tenancy": "default",
            "ipv6_association_id": "",
            "ipv6_cidr_block": "",
            "main_route_table_id": "rtb-0b16d61677bb22489",
            "owner_id": "808694706516",
            "state": null,
            "tags": {
              "Name": "ecs-fargate-vpc"
            }
          },
          "sensitive_attributes": []
        }
      ]
    },
    {
      "mode": "data",
      "type": "template_file",
      "name": "demoapp_app",
      "provider": "provider[\"registry.terraform.io/hashicorp/template\"]",
      "instances": [
        {
          "schema_version": 0,
          "attributes": {
            "filename": null,
            "id": "9422cd90ca803ed8c6024f2209e3521e007a520a180fa6d6a5b4339806a59683",
            "rendered": "[\r\n  {\r\n    \"name\": \"demoapp-app\",\r\n    \"image\": \"808694706516.dkr.ecr.us-east-1.amazonaws.com/ecs-demo-app:1.0.1\",\r\n    \"cpu\": 1024,\r\n    \"memory\": 2048,\r\n    \"networkMode\": \"awsvpc\",\r\n    \"logConfiguration\": {\r\n        \"logDriver\": \"awslogs\",\r\n        \"options\": {\r\n          \"awslogs-group\": \"/ecs/demoapp\",\r\n          \"awslogs-region\": \"us-east-1\",\r\n          \"awslogs-stream-prefix\": \"ecs\"\r\n        }\r\n    },\r\n    \"portMappings\": [\r\n      {\r\n        \"containerPort\": 80,\r\n        \"hostPort\": 80\r\n      }\r\n    ]\r\n  }\r\n]\r\n",
            "template": "[\r\n  {\r\n    \"name\": \"${container_name}\",\r\n    \"image\": \"${app_image}\",\r\n    \"cpu\": ${fargate_cpu},\r\n    \"memory\": ${fargate_memory},\r\n    \"networkMode\": \"awsvpc\",\r\n    \"logConfiguration\": {\r\n        \"logDriver\": \"awslogs\",\r\n        \"options\": {\r\n          \"awslogs-group\": \"/ecs/demoapp\",\r\n          \"awslogs-region\": \"${aws_region}\",\r\n          \"awslogs-stream-prefix\": \"ecs\"\r\n        }\r\n    },\r\n    \"portMappings\": [\r\n      {\r\n        \"containerPort\": ${app_port},\r\n        \"hostPort\": ${app_port}\r\n      }\r\n    ]\r\n  }\r\n]\r\n",
            "vars": {
              "app_image": "808694706516.dkr.ecr.us-east-1.amazonaws.com/ecs-demo-app:1.0.1",
              "app_port": "80",
              "aws_region": "us-east-1",
              "container_name": "demoapp-app",
              "fargate_cpu": "1024",
              "fargate_memory": "2048",
              "prefix": "demoapp"
            }
          },
          "sensitive_attributes": []
        }
      ]
    },
    {
      "mode": "managed",
      "type": "aws_alb",
      "name": "demoapp_lb",
      "provider": "provider[\"registry.terraform.io/hashicorp/aws\"]",
      "instances": [
        {
          "schema_version": 0,
          "attributes": {
            "access_logs": [
              {
                "bucket": "",
                "enabled": false,
                "prefix": ""
              }
            ],
            "arn": "arn:aws:elasticloadbalancing:us-east-1:808694706516:loadbalancer/app/dev-demoapp/6c8aa8b0a5b28ab0",
            "arn_suffix": "app/dev-demoapp/6c8aa8b0a5b28ab0",
            "customer_owned_ipv4_pool": "",
            "desync_mitigation_mode": "defensive",
            "dns_name": "dev-demoapp-929898415.us-east-1.elb.amazonaws.com",
            "drop_invalid_header_fields": false,
            "enable_cross_zone_load_balancing": null,
            "enable_deletion_protection": false,
            "enable_http2": true,
            "enable_waf_fail_open": false,
            "id": "arn:aws:elasticloadbalancing:us-east-1:808694706516:loadbalancer/app/dev-demoapp/6c8aa8b0a5b28ab0",
            "idle_timeout": 60,
            "internal": false,
            "ip_address_type": "ipv4",
            "load_balancer_type": "application",
            "name": "dev-demoapp",
            "name_prefix": null,
            "security_groups": [
              "sg-08d4f2da7a9422ed3"
            ],
            "subnet_mapping": [
              {
                "allocation_id": "",
                "ipv6_address": "",
                "outpost_id": "",
                "private_ipv4_address": "",
                "subnet_id": "subnet-0011c98da49f353e4"
              },
              {
                "allocation_id": "",
                "ipv6_address": "",
                "outpost_id": "",
                "private_ipv4_address": "",
                "subnet_id": "subnet-0620ec3e0132e4129"
              },
              {
                "allocation_id": "",
                "ipv6_address": "",
                "outpost_id": "",
                "private_ipv4_address": "",
                "subnet_id": "subnet-0ca68cf41641f9553"
              }
            ],
            "subnets": [
              "subnet-0011c98da49f353e4",
              "subnet-0620ec3e0132e4129",
              "subnet-0ca68cf41641f9553"
            ],
            "tags": null,
            "tags_all": {},
            "timeouts": null,
            "vpc_id": "vpc-03cb1bf72bd4fab17",
            "zone_id": "Z35SXDOTRQ7X7K"
          },
          "sensitive_attributes": [],
          "private": "eyJlMmJmYjczMC1lY2FhLTExZTYtOGY4OC0zNDM2M2JjN2M0YzAiOnsiY3JlYXRlIjo2MDAwMDAwMDAwMDAsImRlbGV0ZSI6NjAwMDAwMDAwMDAwLCJ1cGRhdGUiOjYwMDAwMDAwMDAwMH19",
          "dependencies": [
            "aws_security_group.lb",
            "data.aws_subnet.ecs-fargate-public-subnet-for-alb-1a",
            "data.aws_subnet.ecs-fargate-public-subnet-for-alb-1b",
            "data.aws_subnet.ecs-fargate-public-subnet-for-alb-1c"
          ]
        }
      ]
    },
    {
      "mode": "managed",
      "type": "aws_alb_listener",
      "name": "front_end_demoapp",
      "provider": "provider[\"registry.terraform.io/hashicorp/aws\"]",
      "instances": [
        {
          "schema_version": 0,
          "attributes": {
            "alpn_policy": null,
            "arn": "arn:aws:elasticloadbalancing:us-east-1:808694706516:listener/app/dev-demoapp/6c8aa8b0a5b28ab0/46ca25628b57b737",
            "certificate_arn": null,
            "default_action": [
              {
                "authenticate_cognito": [],
                "authenticate_oidc": [],
                "fixed_response": [],
                "forward": [],
                "order": 1,
                "redirect": [],
                "target_group_arn": "arn:aws:elasticloadbalancing:us-east-1:808694706516:targetgroup/demoapp-target-group/a17b58e23b6a6371",
                "type": "forward"
              }
            ],
            "id": "arn:aws:elasticloadbalancing:us-east-1:808694706516:listener/app/dev-demoapp/6c8aa8b0a5b28ab0/46ca25628b57b737",
            "load_balancer_arn": "arn:aws:elasticloadbalancing:us-east-1:808694706516:loadbalancer/app/dev-demoapp/6c8aa8b0a5b28ab0",
            "port": 80,
            "protocol": "HTTP",
            "ssl_policy": "",
            "tags": null,
            "tags_all": {},
            "timeouts": null
          },
          "sensitive_attributes": [],
          "private": "eyJlMmJmYjczMC1lY2FhLTExZTYtOGY4OC0zNDM2M2JjN2M0YzAiOnsicmVhZCI6NjAwMDAwMDAwMDAwfX0=",
          "dependencies": [
            "aws_alb.demoapp_lb",
            "aws_alb_target_group.demoapp_target",
            "aws_security_group.lb",
            "data.aws_subnet.ecs-fargate-public-subnet-for-alb-1a",
            "data.aws_subnet.ecs-fargate-public-subnet-for-alb-1b",
            "data.aws_subnet.ecs-fargate-public-subnet-for-alb-1c"
          ]
        }
      ]
    },
    {
      "mode": "managed",
      "type": "aws_alb_target_group",
      "name": "demoapp_target",
      "provider": "provider[\"registry.terraform.io/hashicorp/aws\"]",
      "instances": [
        {
          "schema_version": 0,
          "attributes": {
            "arn": "arn:aws:elasticloadbalancing:us-east-1:808694706516:targetgroup/demoapp-target-group/a17b58e23b6a6371",
            "arn_suffix": "targetgroup/demoapp-target-group/a17b58e23b6a6371",
            "connection_termination": false,
            "deregistration_delay": "300",
            "health_check": [
              {
                "enabled": true,
                "healthy_threshold": 3,
                "interval": 30,
                "matcher": "200",
                "path": "/api/index",
                "port": "traffic-port",
                "protocol": "HTTP",
                "timeout": 3,
                "unhealthy_threshold": 2
              }
            ],
            "id": "arn:aws:elasticloadbalancing:us-east-1:808694706516:targetgroup/demoapp-target-group/a17b58e23b6a6371",
            "lambda_multi_value_headers_enabled": false,
            "load_balancing_algorithm_type": "round_robin",
            "name": "demoapp-target-group",
            "name_prefix": null,
            "port": 80,
            "preserve_client_ip": null,
            "protocol": "HTTP",
            "protocol_version": "HTTP1",
            "proxy_protocol_v2": false,
            "slow_start": 0,
            "stickiness": [
              {
                "cookie_duration": 86400,
                "cookie_name": "",
                "enabled": false,
                "type": "lb_cookie"
              }
            ],
            "tags": {},
            "tags_all": {},
            "target_type": "ip",
            "vpc_id": "vpc-03cb1bf72bd4fab17"
          },
          "sensitive_attributes": [],
          "private": "bnVsbA==",
          "dependencies": [
            "data.aws_vpc.main"
          ]
        }
      ]
    },
    {
      "mode": "managed",
      "type": "aws_appautoscaling_policy",
      "name": "demoapp_down",
      "provider": "provider[\"registry.terraform.io/hashicorp/aws\"]",
      "instances": [
        {
          "schema_version": 0,
          "attributes": {
            "arn": "arn:aws:autoscaling:us-east-1:808694706516:scalingPolicy:93b51441-5aa4-4ee0-a7b5-37b5e6a5c73a:resource/ecs/service/demoapp-api-cluster/demoapp-service:policyName/demoapp_scale_down",
            "id": "demoapp_scale_down",
            "name": "demoapp_scale_down",
            "policy_type": "StepScaling",
            "resource_id": "service/demoapp-api-cluster/demoapp-service",
            "scalable_dimension": "ecs:service:DesiredCount",
            "service_namespace": "ecs",
            "step_scaling_policy_configuration": [
              {
                "adjustment_type": "ChangeInCapacity",
                "cooldown": 60,
                "metric_aggregation_type": "Maximum",
                "min_adjustment_magnitude": 0,
                "step_adjustment": [
                  {
                    "metric_interval_lower_bound": "",
                    "metric_interval_upper_bound": "0",
                    "scaling_adjustment": -1
                  }
                ]
              }
            ],
            "target_tracking_scaling_policy_configuration": []
          },
          "sensitive_attributes": [],
          "private": "bnVsbA==",
          "dependencies": [
            "aws_alb.demoapp_lb",
            "aws_alb_listener.front_end_demoapp",
            "aws_alb_target_group.demoapp_target",
            "aws_appautoscaling_target.demoapp_target",
            "aws_ecs_cluster.main",
            "aws_ecs_service.demoapp_main",
            "aws_ecs_task_definition.demoapp_task_def",
            "aws_iam_role_policy_attachment.demoapp_task_execution_role",
            "aws_security_group.ecs_tasks",
            "aws_security_group.lb",
            "data.aws_subnet.ecs-fargate-private-subnet-for-service-1a",
            "data.aws_subnet.ecs-fargate-private-subnet-for-service-1b",
            "data.aws_subnet.ecs-fargate-private-subnet-for-service-1c",
            "data.aws_subnet.ecs-fargate-public-subnet-for-alb-1a",
            "data.aws_subnet.ecs-fargate-public-subnet-for-alb-1b",
            "data.aws_subnet.ecs-fargate-public-subnet-for-alb-1c"
          ]
        }
      ]
    },
    {
      "mode": "managed",
      "type": "aws_appautoscaling_policy",
      "name": "demoapp_up",
      "provider": "provider[\"registry.terraform.io/hashicorp/aws\"]",
      "instances": [
        {
          "schema_version": 0,
          "attributes": {
            "arn": "arn:aws:autoscaling:us-east-1:808694706516:scalingPolicy:93b51441-5aa4-4ee0-a7b5-37b5e6a5c73a:resource/ecs/service/demoapp-api-cluster/demoapp-service:policyName/demoapp_scale_up",
            "id": "demoapp_scale_up",
            "name": "demoapp_scale_up",
            "policy_type": "StepScaling",
            "resource_id": "service/demoapp-api-cluster/demoapp-service",
            "scalable_dimension": "ecs:service:DesiredCount",
            "service_namespace": "ecs",
            "step_scaling_policy_configuration": [
              {
                "adjustment_type": "ChangeInCapacity",
                "cooldown": 60,
                "metric_aggregation_type": "Maximum",
                "min_adjustment_magnitude": 0,
                "step_adjustment": [
                  {
                    "metric_interval_lower_bound": "0",
                    "metric_interval_upper_bound": "",
                    "scaling_adjustment": 1
                  }
                ]
              }
            ],
            "target_tracking_scaling_policy_configuration": []
          },
          "sensitive_attributes": [],
          "private": "bnVsbA==",
          "dependencies": [
            "aws_alb.demoapp_lb",
            "aws_alb_listener.front_end_demoapp",
            "aws_alb_target_group.demoapp_target",
            "aws_appautoscaling_target.demoapp_target",
            "aws_ecs_cluster.main",
            "aws_ecs_service.demoapp_main",
            "aws_ecs_task_definition.demoapp_task_def",
            "aws_iam_role_policy_attachment.demoapp_task_execution_role",
            "aws_security_group.ecs_tasks",
            "aws_security_group.lb",
            "data.aws_subnet.ecs-fargate-private-subnet-for-service-1a",
            "data.aws_subnet.ecs-fargate-private-subnet-for-service-1b",
            "data.aws_subnet.ecs-fargate-private-subnet-for-service-1c",
            "data.aws_subnet.ecs-fargate-public-subnet-for-alb-1a",
            "data.aws_subnet.ecs-fargate-public-subnet-for-alb-1b",
            "data.aws_subnet.ecs-fargate-public-subnet-for-alb-1c"
          ]
        }
      ]
    },
    {
      "mode": "managed",
      "type": "aws_appautoscaling_target",
      "name": "demoapp_target",
      "provider": "provider[\"registry.terraform.io/hashicorp/aws\"]",
      "instances": [
        {
          "schema_version": 0,
          "attributes": {
            "id": "service/demoapp-api-cluster/demoapp-service",
            "max_capacity": 6,
            "min_capacity": 1,
            "resource_id": "service/demoapp-api-cluster/demoapp-service",
            "role_arn": "arn:aws:iam::808694706516:role/aws-service-role/ecs.application-autoscaling.amazonaws.com/AWSServiceRoleForApplicationAutoScaling_ECSService",
            "scalable_dimension": "ecs:service:DesiredCount",
            "service_namespace": "ecs"
          },
          "sensitive_attributes": [],
          "private": "bnVsbA==",
          "dependencies": [
            "aws_alb.demoapp_lb",
            "aws_alb_listener.front_end_demoapp",
            "aws_alb_target_group.demoapp_target",
            "aws_ecs_cluster.main",
            "aws_ecs_service.demoapp_main",
            "aws_ecs_task_definition.demoapp_task_def",
            "aws_iam_role_policy_attachment.demoapp_task_execution_role",
            "aws_security_group.ecs_tasks",
            "aws_security_group.lb",
            "data.aws_subnet.ecs-fargate-private-subnet-for-service-1a",
            "data.aws_subnet.ecs-fargate-private-subnet-for-service-1b",
            "data.aws_subnet.ecs-fargate-private-subnet-for-service-1c",
            "data.aws_subnet.ecs-fargate-public-subnet-for-alb-1a",
            "data.aws_subnet.ecs-fargate-public-subnet-for-alb-1b",
            "data.aws_subnet.ecs-fargate-public-subnet-for-alb-1c"
          ]
        }
      ]
    },
    {
      "mode": "managed",
      "type": "aws_cloudwatch_log_group",
      "name": "demoapp_log_group",
      "provider": "provider[\"registry.terraform.io/hashicorp/aws\"]",
      "instances": [
        {
          "schema_version": 0,
          "attributes": {
            "arn": "arn:aws:logs:us-east-1:808694706516:log-group:/ecs/demoapp",
            "id": "/ecs/demoapp",
            "kms_key_id": "",
            "name": "/ecs/demoapp",
            "name_prefix": null,
            "retention_in_days": 30,
            "tags": {
              "Name": "demoapp-log-group"
            },
            "tags_all": {
              "Name": "demoapp-log-group"
            }
          },
          "sensitive_attributes": [],
          "private": "bnVsbA=="
        }
      ]
    },
    {
      "mode": "managed",
      "type": "aws_cloudwatch_log_stream",
      "name": "cb_log_stream",
      "provider": "provider[\"registry.terraform.io/hashicorp/aws\"]",
      "instances": [
        {
          "schema_version": 0,
          "attributes": {
            "arn": "arn:aws:logs:us-east-1:808694706516:log-group:/ecs/demoapp:log-stream:demoapp-log-stream",
            "id": "demoapp-log-stream",
            "log_group_name": "/ecs/demoapp",
            "name": "demoapp-log-stream"
          },
          "sensitive_attributes": [],
          "private": "bnVsbA==",
          "dependencies": [
            "aws_cloudwatch_log_group.demoapp_log_group"
          ]
        }
      ]
    },
    {
      "mode": "managed",
      "type": "aws_cloudwatch_metric_alarm",
      "name": "demoapp_service_cpu_high",
      "provider": "provider[\"registry.terraform.io/hashicorp/aws\"]",
      "instances": [
        {
          "schema_version": 1,
          "attributes": {
            "actions_enabled": true,
            "alarm_actions": [
              "arn:aws:autoscaling:us-east-1:808694706516:scalingPolicy:93b51441-5aa4-4ee0-a7b5-37b5e6a5c73a:resource/ecs/service/demoapp-api-cluster/demoapp-service:policyName/demoapp_scale_up"
            ],
            "alarm_description": "",
            "alarm_name": "demoapp_cpu_utilization_high",
            "arn": "arn:aws:cloudwatch:us-east-1:808694706516:alarm:demoapp_cpu_utilization_high",
            "comparison_operator": "GreaterThanOrEqualToThreshold",
            "datapoints_to_alarm": 0,
            "dimensions": {
              "ClusterName": "demoapp-api-cluster",
              "ServiceName": "demoapp-service"
            },
            "evaluate_low_sample_count_percentiles": "",
            "evaluation_periods": 2,
            "extended_statistic": "",
            "id": "demoapp_cpu_utilization_high",
            "insufficient_data_actions": null,
            "metric_name": "CPUUtilization",
            "metric_query": [],
            "namespace": "AWS/ECS",
            "ok_actions": null,
            "period": 60,
            "statistic": "Average",
            "tags": null,
            "tags_all": {},
            "threshold": 85,
            "threshold_metric_id": "",
            "treat_missing_data": "missing",
            "unit": ""
          },
          "sensitive_attributes": [],
          "private": "eyJzY2hlbWFfdmVyc2lvbiI6IjEifQ==",
          "dependencies": [
            "aws_alb.demoapp_lb",
            "aws_alb_listener.front_end_demoapp",
            "aws_alb_target_group.demoapp_target",
            "aws_appautoscaling_policy.demoapp_up",
            "aws_appautoscaling_target.demoapp_target",
            "aws_ecs_cluster.main",
            "aws_ecs_service.demoapp_main",
            "aws_ecs_task_definition.demoapp_task_def",
            "aws_iam_role_policy_attachment.demoapp_task_execution_role",
            "aws_security_group.ecs_tasks",
            "aws_security_group.lb",
            "data.aws_subnet.ecs-fargate-private-subnet-for-service-1a",
            "data.aws_subnet.ecs-fargate-private-subnet-for-service-1b",
            "data.aws_subnet.ecs-fargate-private-subnet-for-service-1c",
            "data.aws_subnet.ecs-fargate-public-subnet-for-alb-1a",
            "data.aws_subnet.ecs-fargate-public-subnet-for-alb-1b",
            "data.aws_subnet.ecs-fargate-public-subnet-for-alb-1c"
          ]
        }
      ]
    },
    {
      "mode": "managed",
      "type": "aws_cloudwatch_metric_alarm",
      "name": "demoapp_service_cpu_low",
      "provider": "provider[\"registry.terraform.io/hashicorp/aws\"]",
      "instances": [
        {
          "schema_version": 1,
          "attributes": {
            "actions_enabled": true,
            "alarm_actions": [
              "arn:aws:autoscaling:us-east-1:808694706516:scalingPolicy:93b51441-5aa4-4ee0-a7b5-37b5e6a5c73a:resource/ecs/service/demoapp-api-cluster/demoapp-service:policyName/demoapp_scale_down"
            ],
            "alarm_description": "",
            "alarm_name": "demoapp_cpu_utilization_low",
            "arn": "arn:aws:cloudwatch:us-east-1:808694706516:alarm:demoapp_cpu_utilization_low",
            "comparison_operator": "LessThanOrEqualToThreshold",
            "datapoints_to_alarm": 0,
            "dimensions": {
              "ClusterName": "demoapp-api-cluster",
              "ServiceName": "demoapp-service"
            },
            "evaluate_low_sample_count_percentiles": "",
            "evaluation_periods": 2,
            "extended_statistic": "",
            "id": "demoapp_cpu_utilization_low",
            "insufficient_data_actions": null,
            "metric_name": "CPUUtilization",
            "metric_query": [],
            "namespace": "AWS/ECS",
            "ok_actions": null,
            "period": 60,
            "statistic": "Average",
            "tags": null,
            "tags_all": {},
            "threshold": 10,
            "threshold_metric_id": "",
            "treat_missing_data": "missing",
            "unit": ""
          },
          "sensitive_attributes": [],
          "private": "eyJzY2hlbWFfdmVyc2lvbiI6IjEifQ==",
          "dependencies": [
            "aws_alb.demoapp_lb",
            "aws_alb_listener.front_end_demoapp",
            "aws_alb_target_group.demoapp_target",
            "aws_appautoscaling_policy.demoapp_down",
            "aws_appautoscaling_target.demoapp_target",
            "aws_ecs_cluster.main",
            "aws_ecs_service.demoapp_main",
            "aws_ecs_task_definition.demoapp_task_def",
            "aws_iam_role_policy_attachment.demoapp_task_execution_role",
            "aws_security_group.ecs_tasks",
            "aws_security_group.lb",
            "data.aws_subnet.ecs-fargate-private-subnet-for-service-1a",
            "data.aws_subnet.ecs-fargate-private-subnet-for-service-1b",
            "data.aws_subnet.ecs-fargate-private-subnet-for-service-1c",
            "data.aws_subnet.ecs-fargate-public-subnet-for-alb-1a",
            "data.aws_subnet.ecs-fargate-public-subnet-for-alb-1b",
            "data.aws_subnet.ecs-fargate-public-subnet-for-alb-1c"
          ]
        }
      ]
    },
    {
      "mode": "managed",
      "type": "aws_ecs_cluster",
      "name": "main",
      "provider": "provider[\"registry.terraform.io/hashicorp/aws\"]",
      "instances": [
        {
          "schema_version": 0,
          "attributes": {
            "arn": "arn:aws:ecs:us-east-1:808694706516:cluster/demoapp-api-cluster",
            "capacity_providers": [],
            "configuration": [],
            "default_capacity_provider_strategy": [],
            "id": "arn:aws:ecs:us-east-1:808694706516:cluster/demoapp-api-cluster",
            "name": "demoapp-api-cluster",
            "setting": [
              {
                "name": "containerInsights",
                "value": "disabled"
              }
            ],
            "tags": {},
            "tags_all": {}
          },
          "sensitive_attributes": [],
          "private": "bnVsbA=="
        }
      ]
    },
    {
      "mode": "managed",
      "type": "aws_ecs_service",
      "name": "demoapp_main",
      "provider": "provider[\"registry.terraform.io/hashicorp/aws\"]",
      "instances": [
        {
          "schema_version": 0,
          "attributes": {
            "capacity_provider_strategy": [],
            "cluster": "arn:aws:ecs:us-east-1:808694706516:cluster/demoapp-api-cluster",
            "deployment_circuit_breaker": [
              {
                "enable": false,
                "rollback": false
              }
            ],
            "deployment_controller": [
              {
                "type": "ECS"
              }
            ],
            "deployment_maximum_percent": 200,
            "deployment_minimum_healthy_percent": 100,
            "desired_count": 2,
            "enable_ecs_managed_tags": false,
            "enable_execute_command": false,
            "force_new_deployment": null,
            "health_check_grace_period_seconds": 0,
            "iam_role": "aws-service-role",
            "id": "arn:aws:ecs:us-east-1:808694706516:service/demoapp-api-cluster/demoapp-service",
            "launch_type": "FARGATE",
            "load_balancer": [
              {
                "container_name": "demoapp-app",
                "container_port": 80,
                "elb_name": "",
                "target_group_arn": "arn:aws:elasticloadbalancing:us-east-1:808694706516:targetgroup/demoapp-target-group/a17b58e23b6a6371"
              }
            ],
            "name": "demoapp-service",
            "network_configuration": [
              {
                "assign_public_ip": false,
                "security_groups": [
                  "sg-096843920a639884f"
                ],
                "subnets": [
                  "subnet-00a0a7d2b3eba89e2",
                  "subnet-01b5f2ee3cc0b47f7",
                  "subnet-0515737f5bd5dccb2"
                ]
              }
            ],
            "ordered_placement_strategy": [],
            "placement_constraints": [],
            "platform_version": "LATEST",
            "propagate_tags": "NONE",
            "scheduling_strategy": "REPLICA",
            "service_registries": [],
            "tags": null,
            "tags_all": {},
            "task_definition": "arn:aws:ecs:us-east-1:808694706516:task-definition/demoapp-task:1",
            "timeouts": null,
            "wait_for_steady_state": false
          },
          "sensitive_attributes": [],
          "private": "eyJlMmJmYjczMC1lY2FhLTExZTYtOGY4OC0zNDM2M2JjN2M0YzAiOnsiZGVsZXRlIjoxMjAwMDAwMDAwMDAwfX0=",
          "dependencies": [
            "aws_alb.demoapp_lb",
            "aws_alb_listener.front_end_demoapp",
            "aws_alb_target_group.demoapp_target",
            "aws_ecs_cluster.main",
            "aws_ecs_task_definition.demoapp_task_def",
            "aws_iam_role_policy_attachment.demoapp_task_execution_role",
            "aws_security_group.ecs_tasks",
            "aws_security_group.lb",
            "data.aws_subnet.ecs-fargate-private-subnet-for-service-1a",
            "data.aws_subnet.ecs-fargate-private-subnet-for-service-1b",
            "data.aws_subnet.ecs-fargate-private-subnet-for-service-1c",
            "data.aws_subnet.ecs-fargate-public-subnet-for-alb-1a",
            "data.aws_subnet.ecs-fargate-public-subnet-for-alb-1b",
            "data.aws_subnet.ecs-fargate-public-subnet-for-alb-1c"
          ]
        }
      ]
    },
    {
      "mode": "managed",
      "type": "aws_ecs_task_definition",
      "name": "demoapp_task_def",
      "provider": "provider[\"registry.terraform.io/hashicorp/aws\"]",
      "instances": [
        {
          "schema_version": 1,
          "attributes": {
            "arn": "arn:aws:ecs:us-east-1:808694706516:task-definition/demoapp-task:1",
            "container_definitions": "[{\"cpu\":1024,\"environment\":[],\"essential\":true,\"image\":\"808694706516.dkr.ecr.us-east-1.amazonaws.com/ecs-demo-app:1.0.1\",\"logConfiguration\":{\"logDriver\":\"awslogs\",\"options\":{\"awslogs-group\":\"/ecs/demoapp\",\"awslogs-region\":\"us-east-1\",\"awslogs-stream-prefix\":\"ecs\"}},\"memory\":2048,\"mountPoints\":[],\"name\":\"demoapp-app\",\"portMappings\":[{\"containerPort\":80,\"hostPort\":80,\"protocol\":\"tcp\"}],\"volumesFrom\":[]}]",
            "cpu": "1024",
            "ephemeral_storage": [],
            "execution_role_arn": "arn:aws:iam::808694706516:role/demoappEcsTaskExecutionRole",
            "family": "demoapp-task",
            "id": "demoapp-task",
            "inference_accelerator": [],
            "ipc_mode": "",
            "memory": "2048",
            "network_mode": "awsvpc",
            "pid_mode": "",
            "placement_constraints": [],
            "proxy_configuration": [],
            "requires_compatibilities": [
              "FARGATE"
            ],
            "revision": 1,
            "runtime_platform": [],
            "skip_destroy": false,
            "tags": {},
            "tags_all": {},
            "task_role_arn": "",
            "volume": []
          },
          "sensitive_attributes": [],
          "private": "eyJzY2hlbWFfdmVyc2lvbiI6IjEifQ==",
          "dependencies": [
            "aws_iam_role.demoapp_ecs_task_execution_role",
            "data.aws_iam_policy_document.demoapp_ecs_task_execution_role",
            "data.template_file.demoapp_app"
          ]
        }
      ]
    },
    {
      "mode": "managed",
      "type": "aws_iam_role",
      "name": "demoapp_ecs_task_execution_role",
      "provider": "provider[\"registry.terraform.io/hashicorp/aws\"]",
      "instances": [
        {
          "schema_version": 0,
          "attributes": {
            "arn": "arn:aws:iam::808694706516:role/demoappEcsTaskExecutionRole",
            "assume_role_policy": "{\"Version\":\"2012-10-17\",\"Statement\":[{\"Sid\":\"\",\"Effect\":\"Allow\",\"Principal\":{\"Service\":\"ecs-tasks.amazonaws.com\"},\"Action\":\"sts:AssumeRole\"}]}",
            "create_date": "2022-06-10T18:34:32Z",
            "description": "",
            "force_detach_policies": false,
            "id": "demoappEcsTaskExecutionRole",
            "inline_policy": [
              {
                "name": "",
                "policy": ""
              }
            ],
            "managed_policy_arns": [
              "arn:aws:iam::aws:policy/service-role/AmazonECSTaskExecutionRolePolicy"
            ],
            "max_session_duration": 3600,
            "name": "demoappEcsTaskExecutionRole",
            "name_prefix": "",
            "path": "/",
            "permissions_boundary": null,
            "tags": {},
            "tags_all": {},
            "unique_id": "AROA3YSPV6FKGX526KJSU"
          },
          "sensitive_attributes": [],
          "private": "bnVsbA==",
          "dependencies": [
            "data.aws_iam_policy_document.demoapp_ecs_task_execution_role"
          ]
        }
      ]
    },
    {
      "mode": "managed",
      "type": "aws_iam_role_policy_attachment",
      "name": "demoapp_task_execution_role",
      "provider": "provider[\"registry.terraform.io/hashicorp/aws\"]",
      "instances": [
        {
          "schema_version": 0,
          "attributes": {
            "id": "demoappEcsTaskExecutionRole-20220610183433998300000001",
            "policy_arn": "arn:aws:iam::aws:policy/service-role/AmazonECSTaskExecutionRolePolicy",
            "role": "demoappEcsTaskExecutionRole"
          },
          "sensitive_attributes": [],
          "private": "bnVsbA==",
          "dependencies": [
            "aws_iam_role.demoapp_ecs_task_execution_role",
            "data.aws_iam_policy_document.demoapp_ecs_task_execution_role"
          ]
        }
      ]
    },
    {
      "mode": "managed",
      "type": "aws_security_group",
      "name": "ecs_tasks",
      "provider": "provider[\"registry.terraform.io/hashicorp/aws\"]",
      "instances": [
        {
          "schema_version": 1,
          "attributes": {
            "arn": "arn:aws:ec2:us-east-1:808694706516:security-group/sg-096843920a639884f",
            "description": "allow inbound access from the ALB only",
            "egress": [
              {
                "cidr_blocks": [
                  "0.0.0.0/0"
                ],
                "description": "",
                "from_port": 0,
                "ipv6_cidr_blocks": [],
                "prefix_list_ids": [],
                "protocol": "-1",
                "security_groups": [],
                "self": false,
                "to_port": 0
              }
            ],
            "id": "sg-096843920a639884f",
            "ingress": [
              {
                "cidr_blocks": [],
                "description": "",
                "from_port": 80,
                "ipv6_cidr_blocks": [],
                "prefix_list_ids": [],
                "protocol": "tcp",
                "security_groups": [
                  "sg-08d4f2da7a9422ed3"
                ],
                "self": false,
                "to_port": 80
              }
            ],
            "name": "demoapp-ecs-tasks-security-group",
            "name_prefix": "",
            "owner_id": "808694706516",
            "revoke_rules_on_delete": false,
            "tags": {},
            "tags_all": {},
            "timeouts": null,
            "vpc_id": "vpc-03cb1bf72bd4fab17"
          },
          "sensitive_attributes": [],
          "private": "eyJlMmJmYjczMC1lY2FhLTExZTYtOGY4OC0zNDM2M2JjN2M0YzAiOnsiY3JlYXRlIjo2MDAwMDAwMDAwMDAsImRlbGV0ZSI6OTAwMDAwMDAwMDAwfSwic2NoZW1hX3ZlcnNpb24iOiIxIn0=",
          "dependencies": [
            "aws_security_group.lb",
            "data.aws_vpc.main"
          ]
        }
      ]
    },
    {
      "mode": "managed",
      "type": "aws_security_group",
      "name": "lb",
      "provider": "provider[\"registry.terraform.io/hashicorp/aws\"]",
      "instances": [
        {
          "schema_version": 1,
          "attributes": {
            "arn": "arn:aws:ec2:us-east-1:808694706516:security-group/sg-08d4f2da7a9422ed3",
            "description": "controls access to the ALB",
            "egress": [
              {
                "cidr_blocks": [
                  "0.0.0.0/0"
                ],
                "description": "",
                "from_port": 0,
                "ipv6_cidr_blocks": [],
                "prefix_list_ids": [],
                "protocol": "-1",
                "security_groups": [],
                "self": false,
                "to_port": 0
              }
            ],
            "id": "sg-08d4f2da7a9422ed3",
            "ingress": [
              {
                "cidr_blocks": [
                  "0.0.0.0/0"
                ],
                "description": "",
                "from_port": 80,
                "ipv6_cidr_blocks": [],
                "prefix_list_ids": [],
                "protocol": "tcp",
                "security_groups": [],
                "self": false,
                "to_port": 80
              }
            ],
            "name": "demoapp-load-balancer-security-group",
            "name_prefix": "",
            "owner_id": "808694706516",
            "revoke_rules_on_delete": false,
            "tags": {},
            "tags_all": {},
            "timeouts": null,
            "vpc_id": "vpc-03cb1bf72bd4fab17"
          },
          "sensitive_attributes": [],
          "private": "eyJlMmJmYjczMC1lY2FhLTExZTYtOGY4OC0zNDM2M2JjN2M0YzAiOnsiY3JlYXRlIjo2MDAwMDAwMDAwMDAsImRlbGV0ZSI6OTAwMDAwMDAwMDAwfSwic2NoZW1hX3ZlcnNpb24iOiIxIn0=",
          "dependencies": [
            "data.aws_vpc.main"
          ]
        }
      ]
    }
  ]
}
